
Microsoft Visual Studio Solution File, Format Version 12.00
# Visual Studio Version 16
VisualStudioVersion = 16.0.29215.179
MinimumVisualStudioVersion = 10.0.40219.1
Project("{FAE04EC0-301F-11D3-BF4B-00C04F79EFBC}") = "YonahChat.WPF.Core", "YonahChat.WPF.Core\YonahChat.WPF.Core.csproj", "{FE525DC4-F905-4BD5-9960-CDF3CC68DB64}"
EndProject
Project("{FAE04EC0-301F-11D3-BF4B-00C04F79EFBC}") = "YonahChat.WPF.Main", "YonahChat.WPF.Main\YonahChat.WPF.Main.csproj", "{C5F82B59-6DCE-47B4-9DDB-EB943917B5AB}"
EndProject
Project("{FAE04EC0-301F-11D3-BF4B-00C04F79EFBC}") = "YonahChat.WPF.Modules.Login", "YonahChat.WPF.Modules\YonahChat.WPF.Modules.Login\YonahChat.WPF.Modules.Login.csproj", "{3D7B5CB7-CA0D-4EC3-976A-192212B63A55}"
EndProject
Project("{2150E333-8FDC-42A3-9474-1A3956D46DE8}") = "Modules", "Modules", "{72C79A91-856D-4C3A-AAFC-7E4606C95F2E}"
EndProject
Project("{2150E333-8FDC-42A3-9474-1A3956D46DE8}") = "Styles", "Styles", "{719BB5BF-BF4B-4AF7-AABE-C4CF8E4EA515}"
EndProject
Project("{FAE04EC0-301F-11D3-BF4B-00C04F79EFBC}") = "YonahChat.WPF.Styles", "YonahChat.WPF.Styles\YonahChat.WPF.Styles\YonahChat.WPF.Styles.csproj", "{428D88A4-2B5D-4420-9073-FA07DE5DA7FB}"
EndProject
Project("{FAE04EC0-301F-11D3-BF4B-00C04F79EFBC}") = "YonahChat.WPF.Modules.YonahMain", "YonahChat.WPF.Modules.YonahMain\YonahChat.WPF.Modules.YonahMain.csproj", "{08304494-BF41-4F14-8398-A4E9EB3CDE8E}"
EndProject
Project("{FAE04EC0-301F-11D3-BF4B-00C04F79EFBC}") = "YonahChat.WPF.Business", "YonahChat.WPF.Business\YonahChat.WPF.Business.csproj", "{00101D0E-E2FE-4BFB-878E-543C5528060B}"
EndProject
Project("{FAE04EC0-301F-11D3-BF4B-00C04F79EFBC}") = "YonahChat.WPF.Services", "YonahChat.WPF.Services\YonahChat.WPF.Services.csproj", "{9E48CB39-BE8C-4995-92F2-CC36131708DE}"
EndProject
Project("{FAE04EC0-301F-11D3-BF4B-00C04F79EFBC}") = "YonahChat.WPF.Services.Interface", "YonahChat.WPF.Services.Interface\YonahChat.WPF.Services.Interface.csproj", "{F368C5F7-BCEB-478C-879D-7388551886A6}"
EndProject
Global
	GlobalSection(SolutionConfigurationPlatforms) = preSolution
		Debug|Any CPU = Debug|Any CPU
		Release|Any CPU = Release|Any CPU
	EndGlobalSection
	GlobalSection(ProjectConfigurationPlatforms) = postSolution
		{FE525DC4-F905-4BD5-9960-CDF3CC68DB64}.Debug|Any CPU.ActiveCfg = Debug|Any CPU
		{FE525DC4-F905-4BD5-9960-CDF3CC68DB64}.Debug|Any CPU.Build.0 = Debug|Any CPU
		{FE525DC4-F905-4BD5-9960-CDF3CC68DB64}.Release|Any CPU.ActiveCfg = Release|Any CPU
		{FE525DC4-F905-4BD5-9960-CDF3CC68DB64}.Release|Any CPU.Build.0 = Release|Any CPU
		{C5F82B59-6DCE-47B4-9DDB-EB943917B5AB}.Debug|Any CPU.ActiveCfg = Debug|Any CPU
		{C5F82B59-6DCE-47B4-9DDB-EB943917B5AB}.Debug|Any CPU.Build.0 = Debug|Any CPU
		{C5F82B59-6DCE-47B4-9DDB-EB943917B5AB}.Release|Any CPU.ActiveCfg = Release|Any CPU
		{C5F82B59-6DCE-47B4-9DDB-EB943917B5AB}.Release|Any CPU.Build.0 = Release|Any CPU
		{3D7B5CB7-CA0D-4EC3-976A-192212B63A55}.Debug|Any CPU.ActiveCfg = Debug|Any CPU
		{3D7B5CB7-CA0D-4EC3-976A-192212B63A55}.Debug|Any CPU.Build.0 = Debug|Any CPU
		{3D7B5CB7-CA0D-4EC3-976A-192212B63A55}.Release|Any CPU.ActiveCfg = Release|Any CPU
		{3D7B5CB7-CA0D-4EC3-976A-192212B63A55}.Release|Any CPU.Build.0 = Release|Any CPU
		{428D88A4-2B5D-4420-9073-FA07DE5DA7FB}.Debug|Any CPU.ActiveCfg = Debug|Any CPU
		{428D88A4-2B5D-4420-9073-FA07DE5DA7FB}.Debug|Any CPU.Build.0 = Debug|Any CPU
		{428D88A4-2B5D-4420-9073-FA07DE5DA7FB}.Release|Any CPU.ActiveCfg = Release|Any CPU
		{428D88A4-2B5D-4420-9073-FA07DE5DA7FB}.Release|Any CPU.Build.0 = Release|Any CPU
		{08304494-BF41-4F14-8398-A4E9EB3CDE8E}.Debug|Any CPU.ActiveCfg = Debug|Any CPU
		{08304494-BF41-4F14-8398-A4E9EB3CDE8E}.Debug|Any CPU.Build.0 = Debug|Any CPU
		{08304494-BF41-4F14-8398-A4E9EB3CDE8E}.Release|Any CPU.ActiveCfg = Release|Any CPU
		{08304494-BF41-4F14-8398-A4E9EB3CDE8E}.Release|Any CPU.Build.0 = Release|Any CPU
		{00101D0E-E2FE-4BFB-878E-543C5528060B}.Debug|Any CPU.ActiveCfg = Debug|Any CPU
		{00101D0E-E2FE-4BFB-878E-543C5528060B}.Debug|Any CPU.Build.0 = Debug|Any CPU
		{00101D0E-E2FE-4BFB-878E-543C5528060B}.Release|Any CPU.ActiveCfg = Release|Any CPU
		{00101D0E-E2FE-4BFB-878E-543C5528060B}.Release|Any CPU.Build.0 = Release|Any CPU
		{9E48CB39-BE8C-4995-92F2-CC36131708DE}.Debug|Any CPU.ActiveCfg = Debug|Any CPU
		{9E48CB39-BE8C-4995-92F2-CC36131708DE}.Debug|Any CPU.Build.0 = Debug|Any CPU
		{9E48CB39-BE8C-4995-92F2-CC36131708DE}.Release|Any CPU.ActiveCfg = Release|Any CPU
		{9E48CB39-BE8C-4995-92F2-CC36131708DE}.Release|Any CPU.Build.0 = Release|Any CPU
		{F368C5F7-BCEB-478C-879D-7388551886A6}.Debug|Any CPU.ActiveCfg = Debug|Any CPU
		{F368C5F7-BCEB-478C-879D-7388551886A6}.Debug|Any CPU.Build.0 = Debug|Any CPU
		{F368C5F7-BCEB-478C-879D-7388551886A6}.Release|Any CPU.ActiveCfg = Release|Any CPU
		{F368C5F7-BCEB-478C-879D-7388551886A6}.Release|Any CPU.Build.0 = Release|Any CPU
	EndGlobalSection
	GlobalSection(SolutionProperties) = preSolution
		HideSolutionNode = FALSE
	EndGlobalSection
	GlobalSection(NestedProjects) = preSolution
		{3D7B5CB7-CA0D-4EC3-976A-192212B63A55} = {72C79A91-856D-4C3A-AAFC-7E4606C95F2E}
		{428D88A4-2B5D-4420-9073-FA07DE5DA7FB} = {719BB5BF-BF4B-4AF7-AABE-C4CF8E4EA515}
		{08304494-BF41-4F14-8398-A4E9EB3CDE8E} = {72C79A91-856D-4C3A-AAFC-7E4606C95F2E}
	EndGlobalSection
	GlobalSection(ExtensibilityGlobals) = postSolution
		SolutionGuid = {3A39A1CE-7D26-48E2-98CB-1BB688E6F249}
	EndGlobalSection
EndGlobal
