
Microsoft Visual Studio Solution File, Format Version 12.00
# Visual Studio Version 16
VisualStudioVersion = 16.0.29215.179
MinimumVisualStudioVersion = 10.0.40219.1
Project("{9A19103F-16F7-4668-BE54-9A1E7A4F7556}") = "YonahChat.Server.Main", "YonahChat.Server.Main\YonahChat.Server.Main.csproj", "{52F43B7B-D6AB-4812-9E8C-3BCAABDFE062}"
EndProject
Project("{FAE04EC0-301F-11D3-BF4B-00C04F79EFBC}") = "YonahChat.Grpc.Mesages", "YonahChat.Grpc.Mesages\YonahChat.Grpc.Mesages.csproj", "{8B230C9E-9926-4881-867E-CF9C0192C489}"
EndProject
Global
	GlobalSection(SolutionConfigurationPlatforms) = preSolution
		Debug|Any CPU = Debug|Any CPU
		Release|Any CPU = Release|Any CPU
	EndGlobalSection
	GlobalSection(ProjectConfigurationPlatforms) = postSolution
		{52F43B7B-D6AB-4812-9E8C-3BCAABDFE062}.Debug|Any CPU.ActiveCfg = Debug|Any CPU
		{52F43B7B-D6AB-4812-9E8C-3BCAABDFE062}.Debug|Any CPU.Build.0 = Debug|Any CPU
		{52F43B7B-D6AB-4812-9E8C-3BCAABDFE062}.Release|Any CPU.ActiveCfg = Release|Any CPU
		{52F43B7B-D6AB-4812-9E8C-3BCAABDFE062}.Release|Any CPU.Build.0 = Release|Any CPU
		{8B230C9E-9926-4881-867E-CF9C0192C489}.Debug|Any CPU.ActiveCfg = Debug|Any CPU
		{8B230C9E-9926-4881-867E-CF9C0192C489}.Debug|Any CPU.Build.0 = Debug|Any CPU
		{8B230C9E-9926-4881-867E-CF9C0192C489}.Release|Any CPU.ActiveCfg = Release|Any CPU
		{8B230C9E-9926-4881-867E-CF9C0192C489}.Release|Any CPU.Build.0 = Release|Any CPU
	EndGlobalSection
	GlobalSection(SolutionProperties) = preSolution
		HideSolutionNode = FALSE
	EndGlobalSection
	GlobalSection(ExtensibilityGlobals) = postSolution
		SolutionGuid = {2A315C01-959C-40BE-8200-DF9CAE0B8D4F}
	EndGlobalSection
EndGlobal
